
Microsoft Visual Studio Solution File, Format Version 12.00
# Visual Studio Version 17
VisualStudioVersion = 17.10.35013.160
MinimumVisualStudioVersion = 10.0.40219.1
Project("{9A19103F-16F7-4668-BE54-9A1E7A4F7556}") = "BooksManager", "BooksManager\BooksManager.csproj", "{64C92523-A4FB-4598-864B-09AB5AA06EB0}"
EndProject
Global
	GlobalSection(SolutionConfigurationPlatforms) = preSolution
		Debug|Any CPU = Debug|Any CPU
		Release|Any CPU = Release|Any CPU
	EndGlobalSection
	GlobalSection(ProjectConfigurationPlatforms) = postSolution
		{64C92523-A4FB-4598-864B-09AB5AA06EB0}.Debug|Any CPU.ActiveCfg = Debug|Any CPU
		{64C92523-A4FB-4598-864B-09AB5AA06EB0}.Debug|Any CPU.Build.0 = Debug|Any CPU
		{64C92523-A4FB-4598-864B-09AB5AA06EB0}.Release|Any CPU.ActiveCfg = Release|Any CPU
		{64C92523-A4FB-4598-864B-09AB5AA06EB0}.Release|Any CPU.Build.0 = Release|Any CPU
	EndGlobalSection
	GlobalSection(SolutionProperties) = preSolution
		HideSolutionNode = FALSE
	EndGlobalSection
	GlobalSection(ExtensibilityGlobals) = postSolution
		SolutionGuid = {C178C704-9335-44E4-875B-2CB9FF1F1C6D}
	EndGlobalSection
EndGlobal
